
Microsoft Visual Studio Solution File, Format Version 12.00
# Visual Studio 15
VisualStudioVersion = 15.0.28307.1062
MinimumVisualStudioVersion = 10.0.40219.1
Project("{8BC9CEB8-8B4A-11D0-8D11-00A0C91BC942}") = "第八周课堂实验3", "第八周课堂实验3\第八周课堂实验3.vcxproj", "{BA8B81F2-37C3-4975-99E6-3E9EDEB11274}"
EndProject
Global
	GlobalSection(SolutionConfigurationPlatforms) = preSolution
		Debug|x64 = Debug|x64
		Debug|x86 = Debug|x86
		Release|x64 = Release|x64
		Release|x86 = Release|x86
	EndGlobalSection
	GlobalSection(ProjectConfigurationPlatforms) = postSolution
		{BA8B81F2-37C3-4975-99E6-3E9EDEB11274}.Debug|x64.ActiveCfg = Debug|x64
		{BA8B81F2-37C3-4975-99E6-3E9EDEB11274}.Debug|x64.Build.0 = Debug|x64
		{BA8B81F2-37C3-4975-99E6-3E9EDEB11274}.Debug|x86.ActiveCfg = Debug|Win32
		{BA8B81F2-37C3-4975-99E6-3E9EDEB11274}.Debug|x86.Build.0 = Debug|Win32
		{BA8B81F2-37C3-4975-99E6-3E9EDEB11274}.Release|x64.ActiveCfg = Release|x64
		{BA8B81F2-37C3-4975-99E6-3E9EDEB11274}.Release|x64.Build.0 = Release|x64
		{BA8B81F2-37C3-4975-99E6-3E9EDEB11274}.Release|x86.ActiveCfg = Release|Win32
		{BA8B81F2-37C3-4975-99E6-3E9EDEB11274}.Release|x86.Build.0 = Release|Win32
	EndGlobalSection
	GlobalSection(SolutionProperties) = preSolution
		HideSolutionNode = FALSE
	EndGlobalSection
	GlobalSection(ExtensibilityGlobals) = postSolution
		SolutionGuid = {2F70545E-A916-4778-9486-C6647B8F0D75}
	EndGlobalSection
EndGlobal
